
Microsoft Visual Studio Solution File, Format Version 12.00
# Visual Studio Version 18
VisualStudioVersion = 18.5.11801.241 oobstable
MinimumVisualStudioVersion = 10.0.40219.1
Project("{FAE04EC0-301F-11D3-BF4B-00C04F79EFBC}") = "AlbanianXrm.CDSProj.Sdk", "AlbanianXrm.CDSProj.Sdk\AlbanianXrm.CDSProj.Sdk.csproj", "{1B70663B-6CD5-4744-9EB8-C5C526D63C32}"
EndProject
Project("{FAE04EC0-301F-11D3-BF4B-00C04F79EFBC}") = "AlbanianXrm.PCFProj.Sdk", "AlbanianXrm.PCFProj.Sdk\AlbanianXrm.PCFProj.Sdk.csproj", "{3AE8A476-55ED-2103-4395-0450CE39971D}"
EndProject
Project("{2150E333-8FDC-42A3-9474-1A3956D46DE8}") = "Solution Items", "Solution Items", "{8EC462FD-D22E-90A8-E5CE-7E832BA40C5D}"
	ProjectSection(SolutionItems) = preProject
		azure-pipelines.yml = azure-pipelines.yml
		README.md = README.md
	EndProjectSection
EndProject
Project("{FAE04EC0-301F-11D3-BF4B-00C04F79EFBC}") = "AlbanianXrm.WebProj.Sdk", "AlbanianXrm.WebProj.Sdk\AlbanianXrm.WebProj.Sdk.csproj", "{F8D50ADA-0469-4F12-9A1A-5B9C1F498292}"
EndProject
Global
	GlobalSection(SolutionConfigurationPlatforms) = preSolution
		Debug|Any CPU = Debug|Any CPU
		Release|Any CPU = Release|Any CPU
	EndGlobalSection
	GlobalSection(ProjectConfigurationPlatforms) = postSolution
		{1B70663B-6CD5-4744-9EB8-C5C526D63C32}.Debug|Any CPU.ActiveCfg = Debug|Any CPU
		{1B70663B-6CD5-4744-9EB8-C5C526D63C32}.Debug|Any CPU.Build.0 = Debug|Any CPU
		{1B70663B-6CD5-4744-9EB8-C5C526D63C32}.Release|Any CPU.ActiveCfg = Release|Any CPU
		{1B70663B-6CD5-4744-9EB8-C5C526D63C32}.Release|Any CPU.Build.0 = Release|Any CPU
		{3AE8A476-55ED-2103-4395-0450CE39971D}.Debug|Any CPU.ActiveCfg = Debug|Any CPU
		{3AE8A476-55ED-2103-4395-0450CE39971D}.Debug|Any CPU.Build.0 = Debug|Any CPU
		{3AE8A476-55ED-2103-4395-0450CE39971D}.Release|Any CPU.ActiveCfg = Release|Any CPU
		{3AE8A476-55ED-2103-4395-0450CE39971D}.Release|Any CPU.Build.0 = Release|Any CPU
		{F8D50ADA-0469-4F12-9A1A-5B9C1F498292}.Debug|Any CPU.ActiveCfg = Debug|Any CPU
		{F8D50ADA-0469-4F12-9A1A-5B9C1F498292}.Debug|Any CPU.Build.0 = Debug|Any CPU
		{F8D50ADA-0469-4F12-9A1A-5B9C1F498292}.Release|Any CPU.ActiveCfg = Release|Any CPU
		{F8D50ADA-0469-4F12-9A1A-5B9C1F498292}.Release|Any CPU.Build.0 = Release|Any CPU
	EndGlobalSection
	GlobalSection(SolutionProperties) = preSolution
		HideSolutionNode = FALSE
	EndGlobalSection
	GlobalSection(ExtensibilityGlobals) = postSolution
		SolutionGuid = {A4BEF7A3-43EA-47C8-A4AC-7926C1B2EED6}
	EndGlobalSection
EndGlobal
